hash: e550a200b2618e509ba98dd79df7aed6ad8b5220c7a94e7e573956669f663736
updated: 2017-12-28T12:46:58.051721495+02:00
imports:
- name: github.com/magefile/mage
  version: ab3ca2f6f85577d7ec82e0a6df721147a2e737f9
  subpackages:
  - mg
  - sh
  - target
  - types
- name: github.com/satori/go.uuid
  version: 879c5887cd475cd7864858769793b2ceb0d44feb
- name: github.com/shurcooL/sanitized_anchor_name
  version: 86672fcb3f950f35f2e675df2240550f2a50762f
testImports:
- name: github.com/davecgh/go-spew
  version: 6d212800a42e8ab5c146b8ace3490ee17e5225f9
  subpackages:
  - spew
- name: github.com/pmezard/go-difflib
  version: d8ed2627bdf02c080bf22230dbb337003b7aba2d
  subpackages:
  - difflib
- name: github.com/stretchr/testify
  version: 69483b4bd14f5845b5a1e55bca19e954e827f1d0
  subpackages:
  - assert
